// !$*UTF8*$!
{
	archiveVersion = 1;
	classes = {
	};
	objectVersion = 51;
	objects = {

/* Begin PBXBuildFile section */
		714DA4EA26B5A28D00465FB5 /* UserAccountViewModel.swift in Sources */ = {isa = PBXBuildFile; fileRef = 714DA4E926B5A28D00465FB5 /* UserAccountViewModel.swift */; };
		717225B026AF91A10084F236 /* AppDelegate.swift in Sources */ = {isa = PBXBuildFile; fileRef = 717225AF26AF91A10084F236 /* AppDelegate.swift */; };
		717225B726AF91A10084F236 /* Main.storyboard in Resources */ = {isa = PBXBuildFile; fileRef = 717225B526AF91A10084F236 /* Main.storyboard */; };
		717225B926AF91A20084F236 /* Assets.xcassets in Resources */ = {isa = PBXBuildFile; fileRef = 717225B826AF91A20084F236 /* Assets.xcassets */; };
		717225BC26AF91A20084F236 /* LaunchScreen.storyboard in Resources */ = {isa = PBXBuildFile; fileRef = 717225BA26AF91A20084F236 /* LaunchScreen.storyboard */; };
		717225C826AF9A380084F236 /* MeController.swift in Sources */ = {isa = PBXBuildFile; fileRef = 717225C726AF9A380084F236 /* MeController.swift */; };
		717225CA26AF9A4B0084F236 /* DiscoverController.swift in Sources */ = {isa = PBXBuildFile; fileRef = 717225C926AF9A4B0084F236 /* DiscoverController.swift */; };
		717225CC26AF9A5A0084F236 /* MessageController.swift in Sources */ = {isa = PBXBuildFile; fileRef = 717225CB26AF9A5A0084F236 /* MessageController.swift */; };
		717225CE26AF9A650084F236 /* HomeController.swift in Sources */ = {isa = PBXBuildFile; fileRef = 717225CD26AF9A650084F236 /* HomeController.swift */; };
		717225D126AF9AC00084F236 /* MainController.swift in Sources */ = {isa = PBXBuildFile; fileRef = 717225D026AF9AC00084F236 /* MainController.swift */; };
		717225D426AFA17E0084F236 /* Home.storyboard in Resources */ = {isa = PBXBuildFile; fileRef = 717225D226AFA17E0084F236 /* Home.storyboard */; };
		717225D726AFA1CD0084F236 /* Message.storyboard in Resources */ = {isa = PBXBuildFile; fileRef = 717225D526AFA1CD0084F236 /* Message.storyboard */; };
		717225DB26AFA2810084F236 /* Empty.storyboard in Resources */ = {isa = PBXBuildFile; fileRef = 717225D926AFA2810084F236 /* Empty.storyboard */; };
		717225DE26AFA2E20084F236 /* Discover.storyboard in Resources */ = {isa = PBXBuildFile; fileRef = 717225DC26AFA2E20084F236 /* Discover.storyboard */; };
		717225E126AFA32B0084F236 /* Me.storyboard in Resources */ = {isa = PBXBuildFile; fileRef = 717225DF26AFA32B0084F236 /* Me.storyboard */; };
		71FA0BAC26AFADB200A3CB82 /* UIButton+Extension.swift in Sources */ = {isa = PBXBuildFile; fileRef = 71FA0BAB26AFADB200A3CB82 /* UIButton+Extension.swift */; };
		71FA0BAF26AFB4A500A3CB82 /* BaseViewController.swift in Sources */ = {isa = PBXBuildFile; fileRef = 71FA0BAE26AFB4A500A3CB82 /* BaseViewController.swift */; };
		71FA0BB126AFB61B00A3CB82 /* VistorView.swift in Sources */ = {isa = PBXBuildFile; fileRef = 71FA0BB026AFB61B00A3CB82 /* VistorView.swift */; };
		71FA0BB326AFB63F00A3CB82 /* VistorView.xib in Resources */ = {isa = PBXBuildFile; fileRef = 71FA0BB226AFB63F00A3CB82 /* VistorView.xib */; };
		71FA0BB526B0009D00A3CB82 /* UIBarButtonItem+Extension.swift in Sources */ = {isa = PBXBuildFile; fileRef = 71FA0BB426B0009D00A3CB82 /* UIBarButtonItem+Extension.swift */; };
		71FA0BB726B0047100A3CB82 /* TitleButton.swift in Sources */ = {isa = PBXBuildFile; fileRef = 71FA0BB626B0047100A3CB82 /* TitleButton.swift */; };
		71FA0BBB26B036E500A3CB82 /* PopoverViewController.swift in Sources */ = {isa = PBXBuildFile; fileRef = 71FA0BB926B036E500A3CB82 /* PopoverViewController.swift */; };
		71FA0BBC26B036E500A3CB82 /* PopoverViewController.xib in Resources */ = {isa = PBXBuildFile; fileRef = 71FA0BBA26B036E500A3CB82 /* PopoverViewController.xib */; };
		71FA0BBE26B03CF100A3CB82 /* PopoverAnimator.swift in Sources */ = {isa = PBXBuildFile; fileRef = 71FA0BBD26B03CF100A3CB82 /* PopoverAnimator.swift */; };
		71FA0BC026B0532600A3CB82 /* MZPresentationController.swift in Sources */ = {isa = PBXBuildFile; fileRef = 71FA0BBF26B0532600A3CB82 /* MZPresentationController.swift */; };
		71FA0BC426B1073700A3CB82 /* OAuthViewController.swift in Sources */ = {isa = PBXBuildFile; fileRef = 71FA0BC226B1073700A3CB82 /* OAuthViewController.swift */; };
		71FA0BC526B1073700A3CB82 /* OAuthViewController.xib in Resources */ = {isa = PBXBuildFile; fileRef = 71FA0BC326B1073700A3CB82 /* OAuthViewController.xib */; };
		71FA0BC726B179DE00A3CB82 /* NetworkTools.swift in Sources */ = {isa = PBXBuildFile; fileRef = 71FA0BC626B179DE00A3CB82 /* NetworkTools.swift */; };
		71FA0D3626B4E45100A3CB82 /* Common.swift in Sources */ = {isa = PBXBuildFile; fileRef = 71FA0D3526B4E45100A3CB82 /* Common.swift */; };
		71FA0D3826B5392F00A3CB82 /* UserAccount.swift in Sources */ = {isa = PBXBuildFile; fileRef = 71FA0D3726B5392F00A3CB82 /* UserAccount.swift */; };
		71FA0D3C26B5539500A3CB82 /* WelcomeViewController.swift in Sources */ = {isa = PBXBuildFile; fileRef = 71FA0D3A26B5539500A3CB82 /* WelcomeViewController.swift */; };
		71FA0D3D26B5539500A3CB82 /* WelcomeViewController.xib in Resources */ = {isa = PBXBuildFile; fileRef = 71FA0D3B26B5539500A3CB82 /* WelcomeViewController.xib */; };
		E161CDD4A71FBADA8DD943AC /* Pods_weibo.framework in Frameworks */ = {isa = PBXBuildFile; fileRef = 5B864EFA7FCFB44C3F71F20F /* Pods_weibo.framework */; };
/* End PBXBuildFile section */

/* Begin PBXFileReference section */
		58F5FDB391F763EC1689EE2E /* Pods-weibo.release.xcconfig */ = {isa = PBXFileReference; includeInIndex = 1; lastKnownFileType = text.xcconfig; name = "Pods-weibo.release.xcconfig"; path = "Target Support Files/Pods-weibo/Pods-weibo.release.xcconfig"; sourceTree = "<group>"; };
		5B864EFA7FCFB44C3F71F20F /* Pods_weibo.framework */ = {isa = PBXFileReference; explicitFileType = wrapper.framework; includeInIndex = 0; path = Pods_weibo.framework; sourceTree = BUILT_PRODUCTS_DIR; };
		714DA4E926B5A28D00465FB5 /* UserAccountViewModel.swift */ = {isa = PBXFileReference; lastKnownFileType = sourcecode.swift; path = UserAccountViewModel.swift; sourceTree = "<group>"; };
		717225AC26AF91A10084F236 /* weibo.app */ = {isa = PBXFileReference; explicitFileType = wrapper.application; includeInIndex = 0; path = weibo.app; sourceTree = BUILT_PRODUCTS_DIR; };
		717225AF26AF91A10084F236 /* AppDelegate.swift */ = {isa = PBXFileReference; lastKnownFileType = sourcecode.swift; path = AppDelegate.swift; sourceTree = "<group>"; };
		717225B626AF91A10084F236 /* Base */ = {isa = PBXFileReference; lastKnownFileType = file.storyboard; name = Base; path = Base.lproj/Main.storyboard; sourceTree = "<group>"; };
		717225B826AF91A20084F236 /* Assets.xcassets */ = {isa = PBXFileReference; lastKnownFileType = folder.assetcatalog; path = Assets.xcassets; sourceTree = "<group>"; };
		717225BB26AF91A20084F236 /* Base */ = {isa = PBXFileReference; lastKnownFileType = file.storyboard; name = Base; path = Base.lproj/LaunchScreen.storyboard; sourceTree = "<group>"; };
		717225BD26AF91A20084F236 /* Info.plist */ = {isa = PBXFileReference; lastKnownFileType = text.plist.xml; path = Info.plist; sourceTree = "<group>"; };
		717225C726AF9A380084F236 /* MeController.swift */ = {isa = PBXFileReference; lastKnownFileType = sourcecode.swift; path = MeController.swift; sourceTree = "<group>"; };
		717225C926AF9A4B0084F236 /* DiscoverController.swift */ = {isa = PBXFileReference; lastKnownFileType = sourcecode.swift; path = DiscoverController.swift; sourceTree = "<group>"; };
		717225CB26AF9A5A0084F236 /* MessageController.swift */ = {isa = PBXFileReference; lastKnownFileType = sourcecode.swift; path = MessageController.swift; sourceTree = "<group>"; };
		717225CD26AF9A650084F236 /* HomeController.swift */ = {isa = PBXFileReference; lastKnownFileType = sourcecode.swift; path = HomeController.swift; sourceTree = "<group>"; };
		717225D026AF9AC00084F236 /* MainController.swift */ = {isa = PBXFileReference; lastKnownFileType = sourcecode.swift; path = MainController.swift; sourceTree = "<group>"; };
		717225D326AFA17E0084F236 /* Base */ = {isa = PBXFileReference; lastKnownFileType = file.storyboard; name = Base; path = weibo/Base.lproj/Home.storyboard; sourceTree = SOURCE_ROOT; };
		717225D626AFA1CD0084F236 /* Base */ = {isa = PBXFileReference; lastKnownFileType = file.storyboard; name = Base; path = weibo/Base.lproj/Message.storyboard; sourceTree = SOURCE_ROOT; };
		717225DA26AFA2810084F236 /* Base */ = {isa = PBXFileReference; lastKnownFileType = file.storyboard; name = Base; path = weibo/Base.lproj/Empty.storyboard; sourceTree = SOURCE_ROOT; };
		717225DD26AFA2E20084F236 /* Base */ = {isa = PBXFileReference; lastKnownFileType = file.storyboard; name = Base; path = weibo/Base.lproj/Discover.storyboard; sourceTree = SOURCE_ROOT; };
		717225E026AFA32B0084F236 /* Base */ = {isa = PBXFileReference; lastKnownFileType = file.storyboard; name = Base; path = weibo/Base.lproj/Me.storyboard; sourceTree = SOURCE_ROOT; };
		71FA0BAB26AFADB200A3CB82 /* UIButton+Extension.swift */ = {isa = PBXFileReference; lastKnownFileType = sourcecode.swift; path = "UIButton+Extension.swift"; sourceTree = "<group>"; };
		71FA0BAE26AFB4A500A3CB82 /* BaseViewController.swift */ = {isa = PBXFileReference; lastKnownFileType = sourcecode.swift; path = BaseViewController.swift; sourceTree = "<group>"; };
		71FA0BB026AFB61B00A3CB82 /* VistorView.swift */ = {isa = PBXFileReference; lastKnownFileType = sourcecode.swift; path = VistorView.swift; sourceTree = "<group>"; };
		71FA0BB226AFB63F00A3CB82 /* VistorView.xib */ = {isa = PBXFileReference; lastKnownFileType = file.xib; path = VistorView.xib; sourceTree = "<group>"; };
		71FA0BB426B0009D00A3CB82 /* UIBarButtonItem+Extension.swift */ = {isa = PBXFileReference; lastKnownFileType = sourcecode.swift; path = "UIBarButtonItem+Extension.swift"; sourceTree = "<group>"; };
		71FA0BB626B0047100A3CB82 /* TitleButton.swift */ = {isa = PBXFileReference; lastKnownFileType = sourcecode.swift; path = TitleButton.swift; sourceTree = "<group>"; };
		71FA0BB926B036E500A3CB82 /* PopoverViewController.swift */ = {isa = PBXFileReference; lastKnownFileType = sourcecode.swift; path = PopoverViewController.swift; sourceTree = "<group>"; };
		71FA0BBA26B036E500A3CB82 /* PopoverViewController.xib */ = {isa = PBXFileReference; lastKnownFileType = file.xib; path = PopoverViewController.xib; sourceTree = "<group>"; };
		71FA0BBD26B03CF100A3CB82 /* PopoverAnimator.swift */ = {isa = PBXFileReference; lastKnownFileType = sourcecode.swift; path = PopoverAnimator.swift; sourceTree = "<group>"; };
		71FA0BBF26B0532600A3CB82 /* MZPresentationController.swift */ = {isa = PBXFileReference; lastKnownFileType = sourcecode.swift; path = MZPresentationController.swift; sourceTree = "<group>"; };
		71FA0BC226B1073700A3CB82 /* OAuthViewController.swift */ = {isa = PBXFileReference; lastKnownFileType = sourcecode.swift; path = OAuthViewController.swift; sourceTree = "<group>"; };
		71FA0BC326B1073700A3CB82 /* OAuthViewController.xib */ = {isa = PBXFileReference; lastKnownFileType = file.xib; path = OAuthViewController.xib; sourceTree = "<group>"; };
		71FA0BC626B179DE00A3CB82 /* NetworkTools.swift */ = {isa = PBXFileReference; lastKnownFileType = sourcecode.swift; path = NetworkTools.swift; sourceTree = "<group>"; };
		71FA0D3526B4E45100A3CB82 /* Common.swift */ = {isa = PBXFileReference; lastKnownFileType = sourcecode.swift; path = Common.swift; sourceTree = "<group>"; };
		71FA0D3726B5392F00A3CB82 /* UserAccount.swift */ = {isa = PBXFileReference; lastKnownFileType = sourcecode.swift; path = UserAccount.swift; sourceTree = "<group>"; };
		71FA0D3A26B5539500A3CB82 /* WelcomeViewController.swift */ = {isa = PBXFileReference; lastKnownFileType = sourcecode.swift; path = WelcomeViewController.swift; sourceTree = "<group>"; };
		71FA0D3B26B5539500A3CB82 /* WelcomeViewController.xib */ = {isa = PBXFileReference; lastKnownFileType = file.xib; path = WelcomeViewController.xib; sourceTree = "<group>"; };
		AAA6A9520CA258E6C03C611D /* Pods-weibo.debug.xcconfig */ = {isa = PBXFileReference; includeInIndex = 1; lastKnownFileType = text.xcconfig; name = "Pods-weibo.debug.xcconfig"; path = "Target Support Files/Pods-weibo/Pods-weibo.debug.xcconfig"; sourceTree = "<group>"; };
/* End PBXFileReference section */

/* Begin PBXFrameworksBuildPhase section */
		717225A926AF91A10084F236 /* Frameworks */ = {
			isa = PBXFrameworksBuildPhase;
			buildActionMask = 2147483647;
			files = (
				E161CDD4A71FBADA8DD943AC /* Pods_weibo.framework in Frameworks */,
			);
			runOnlyForDeploymentPostprocessing = 0;
		};
/* End PBXFrameworksBuildPhase section */

/* Begin PBXGroup section */
		3F4321D08C514B0AC5B00EBE /* Pods */ = {
			isa = PBXGroup;
			children = (
				AAA6A9520CA258E6C03C611D /* Pods-weibo.debug.xcconfig */,
				58F5FDB391F763EC1689EE2E /* Pods-weibo.release.xcconfig */,
			);
			path = Pods;
			sourceTree = "<group>";
		};
		717225A326AF91A10084F236 = {
			isa = PBXGroup;
			children = (
				717225AE26AF91A10084F236 /* weibo */,
				717225AD26AF91A10084F236 /* Products */,
				3F4321D08C514B0AC5B00EBE /* Pods */,
				F9A50589770485109E661D08 /* Frameworks */,
			);
			sourceTree = "<group>";
		};
		717225AD26AF91A10084F236 /* Products */ = {
			isa = PBXGroup;
			children = (
				717225AC26AF91A10084F236 /* weibo.app */,
			);
			name = Products;
			sourceTree = "<group>";
		};
		717225AE26AF91A10084F236 /* weibo */ = {
			isa = PBXGroup;
			children = (
				71FA0D3926B5536C00A3CB82 /* Welcome */,
				71FA0BAD26AFB47D00A3CB82 /* Visitor */,
				717225CF26AF9A7F0084F236 /* Main */,
				717225C326AF99EC0084F236 /* Home */,
				717225C426AF99FA0084F236 /* Message */,
				717225C526AF9A050084F236 /* Discover */,
				717225C626AF9A0E0084F236 /* Me */,
				71FA0BAA26AFACED00A3CB82 /* Tools */,
				717225D826AFA2610084F236 /* Resources */,
				717225AF26AF91A10084F236 /* AppDelegate.swift */,
				717225B526AF91A10084F236 /* Main.storyboard */,
				717225B826AF91A20084F236 /* Assets.xcassets */,
				717225BA26AF91A20084F236 /* LaunchScreen.storyboard */,
				717225BD26AF91A20084F236 /* Info.plist */,
			);
			path = weibo;
			sourceTree = "<group>";
		};
		717225C326AF99EC0084F236 /* Home */ = {
			isa = PBXGroup;
			children = (
				71FA0BC126B1071500A3CB82 /* OAuth */,
				71FA0BB826B036A700A3CB82 /* Popover */,
				717225D226AFA17E0084F236 /* Home.storyboard */,
				717225CD26AF9A650084F236 /* HomeController.swift */,
			);
			path = Home;
			sourceTree = "<group>";
		};
		717225C426AF99FA0084F236 /* Message */ = {
			isa = PBXGroup;
			children = (
				717225D526AFA1CD0084F236 /* Message.storyboard */,
				717225CB26AF9A5A0084F236 /* MessageController.swift */,
			);
			path = Message;
			sourceTree = "<group>";
		};
		717225C526AF9A050084F236 /* Discover */ = {
			isa = PBXGroup;
			children = (
				717225DC26AFA2E20084F236 /* Discover.storyboard */,
				717225C926AF9A4B0084F236 /* DiscoverController.swift */,
			);
			path = Discover;
			sourceTree = "<group>";
		};
		717225C626AF9A0E0084F236 /* Me */ = {
			isa = PBXGroup;
			children = (
				717225DF26AFA32B0084F236 /* Me.storyboard */,
				717225C726AF9A380084F236 /* MeController.swift */,
			);
			path = Me;
			sourceTree = "<group>";
		};
		717225CF26AF9A7F0084F236 /* Main */ = {
			isa = PBXGroup;
			children = (
				717225D026AF9AC00084F236 /* MainController.swift */,
			);
			path = Main;
			sourceTree = "<group>";
		};
		717225D826AFA2610084F236 /* Resources */ = {
			isa = PBXGroup;
			children = (
				717225D926AFA2810084F236 /* Empty.storyboard */,
			);
			path = Resources;
			sourceTree = "<group>";
		};
		71FA0BAA26AFACED00A3CB82 /* Tools */ = {
			isa = PBXGroup;
			children = (
				71FA0BAB26AFADB200A3CB82 /* UIButton+Extension.swift */,
				71FA0BB426B0009D00A3CB82 /* UIBarButtonItem+Extension.swift */,
				71FA0BB626B0047100A3CB82 /* TitleButton.swift */,
				71FA0BBF26B0532600A3CB82 /* MZPresentationController.swift */,
				71FA0BC626B179DE00A3CB82 /* NetworkTools.swift */,
				71FA0D3526B4E45100A3CB82 /* Common.swift */,
			);
			path = Tools;
			sourceTree = "<group>";
		};
		71FA0BAD26AFB47D00A3CB82 /* Visitor */ = {
			isa = PBXGroup;
			children = (
				71FA0BAE26AFB4A500A3CB82 /* BaseViewController.swift */,
				71FA0BB026AFB61B00A3CB82 /* VistorView.swift */,
				71FA0BB226AFB63F00A3CB82 /* VistorView.xib */,
			);
			path = Visitor;
			sourceTree = "<group>";
		};
		71FA0BB826B036A700A3CB82 /* Popover */ = {
			isa = PBXGroup;
			children = (
				71FA0BB926B036E500A3CB82 /* PopoverViewController.swift */,
				71FA0BBA26B036E500A3CB82 /* PopoverViewController.xib */,
				71FA0BBD26B03CF100A3CB82 /* PopoverAnimator.swift */,
			);
			path = Popover;
			sourceTree = "<group>";
		};
		71FA0BC126B1071500A3CB82 /* OAuth */ = {
			isa = PBXGroup;
			children = (
				71FA0BC226B1073700A3CB82 /* OAuthViewController.swift */,
				71FA0BC326B1073700A3CB82 /* OAuthViewController.xib */,
				71FA0D3726B5392F00A3CB82 /* UserAccount.swift */,
				714DA4E926B5A28D00465FB5 /* UserAccountViewModel.swift */,
			);
			path = OAuth;
			sourceTree = "<group>";
		};
		71FA0D3926B5536C00A3CB82 /* Welcome */ = {
			isa = PBXGroup;
			children = (
				71FA0D3A26B5539500A3CB82 /* WelcomeViewController.swift */,
				71FA0D3B26B5539500A3CB82 /* WelcomeViewController.xib */,
			);
			path = Welcome;
			sourceTree = "<group>";
		};
		F9A50589770485109E661D08 /* Frameworks */ = {
			isa = PBXGroup;
			children = (
				5B864EFA7FCFB44C3F71F20F /* Pods_weibo.framework */,
			);
			name = Frameworks;
			sourceTree = "<group>";
		};
/* End PBXGroup section */

/* Begin PBXNativeTarget section */
		717225AB26AF91A10084F236 /* weibo */ = {
			isa = PBXNativeTarget;
			buildConfigurationList = 717225C026AF91A20084F236 /* Build configuration list for PBXNativeTarget "weibo" */;
			buildPhases = (
				39A371C2BD1E8DA4C8C7CACA /* [CP] Check Pods Manifest.lock */,
				717225A826AF91A10084F236 /* Sources */,
				717225A926AF91A10084F236 /* Frameworks */,
				717225AA26AF91A10084F236 /* Resources */,
				C3CCB55CC2119521FD0E9517 /* [CP] Embed Pods Frameworks */,
			);
			buildRules = (
			);
			dependencies = (
			);
			name = weibo;
			productName = weibo;
			productReference = 717225AC26AF91A10084F236 /* weibo.app */;
			productType = "com.apple.product-type.application";
		};
/* End PBXNativeTarget section */

/* Begin PBXProject section */
		717225A426AF91A10084F236 /* Project object */ = {
			isa = PBXProject;
			attributes = {
				LastSwiftUpdateCheck = 1250;
				LastUpgradeCheck = 1250;
				TargetAttributes = {
					717225AB26AF91A10084F236 = {
						CreatedOnToolsVersion = 12.5.1;
					};
				};
			};
			buildConfigurationList = 717225A726AF91A10084F236 /* Build configuration list for PBXProject "weibo" */;
			compatibilityVersion = "Xcode 9.3";
			developmentRegion = en;
			hasScannedForEncodings = 0;
			knownRegions = (
				en,
				Base,
			);
			mainGroup = 717225A326AF91A10084F236;
			productRefGroup = 717225AD26AF91A10084F236 /* Products */;
			projectDirPath = "";
			projectRoot = "";
			targets = (
				717225AB26AF91A10084F236 /* weibo */,
			);
		};
/* End PBXProject section */

/* Begin PBXResourcesBuildPhase section */
		717225AA26AF91A10084F236 /* Resources */ = {
			isa = PBXResourcesBuildPhase;
			buildActionMask = 2147483647;
			files = (
				717225DB26AFA2810084F236 /* Empty.storyboard in Resources */,
				717225BC26AF91A20084F236 /* LaunchScreen.storyboard in Resources */,
				717225B926AF91A20084F236 /* Assets.xcassets in Resources */,
				717225D726AFA1CD0084F236 /* Message.storyboard in Resources */,
				71FA0BBC26B036E500A3CB82 /* PopoverViewController.xib in Resources */,
				71FA0D3D26B5539500A3CB82 /* WelcomeViewController.xib in Resources */,
				71FA0BB326AFB63F00A3CB82 /* VistorView.xib in Resources */,
				71FA0BC526B1073700A3CB82 /* OAuthViewController.xib in Resources */,
				717225B726AF91A10084F236 /* Main.storyboard in Resources */,
				717225DE26AFA2E20084F236 /* Discover.storyboard in Resources */,
				717225E126AFA32B0084F236 /* Me.storyboard in Resources */,
				717225D426AFA17E0084F236 /* Home.storyboard in Resources */,
			);
			runOnlyForDeploymentPostprocessing = 0;
		};
/* End PBXResourcesBuildPhase section */

/* Begin PBXShellScriptBuildPhase section */
		39A371C2BD1E8DA4C8C7CACA /* [CP] Check Pods Manifest.lock */ = {
			isa = PBXShellScriptBuildPhase;
			buildActionMask = 2147483647;
			files = (
			);
			inputFileListPaths = (
			);
			inputPaths = (
				"${PODS_PODFILE_DIR_PATH}/Podfile.lock",
				"${PODS_ROOT}/Manifest.lock",
			);
			name = "[CP] Check Pods Manifest.lock";
			outputFileListPaths = (
			);
			outputPaths = (
				"$(DERIVED_FILE_DIR)/Pods-weibo-checkManifestLockResult.txt",
			);
			runOnlyForDeploymentPostprocessing = 0;
			shellPath = /bin/sh;
			shellScript = "diff \"${PODS_PODFILE_DIR_PATH}/Podfile.lock\" \"${PODS_ROOT}/Manifest.lock\" > /dev/null\nif [ $? != 0 ] ; then\n    # print error to STDERR\n    echo \"error: The sandbox is not in sync with the Podfile.lock. Run 'pod install' or update your CocoaPods installation.\" >&2\n    exit 1\nfi\n# This output is used by Xcode 'outputs' to avoid re-running this script phase.\necho \"SUCCESS\" > \"${SCRIPT_OUTPUT_FILE_0}\"\n";
			showEnvVarsInLog = 0;
		};
		C3CCB55CC2119521FD0E9517 /* [CP] Embed Pods Frameworks */ = {
			isa = PBXShellScriptBuildPhase;
			buildActionMask = 2147483647;
			files = (
			);
			inputFileListPaths = (
				"${PODS_ROOT}/Target Support Files/Pods-weibo/Pods-weibo-frameworks-${CONFIGURATION}-input-files.xcfilelist",
			);
			name = "[CP] Embed Pods Frameworks";
			outputFileListPaths = (
				"${PODS_ROOT}/Target Support Files/Pods-weibo/Pods-weibo-frameworks-${CONFIGURATION}-output-files.xcfilelist",
			);
			runOnlyForDeploymentPostprocessing = 0;
			shellPath = /bin/sh;
			shellScript = "\"${PODS_ROOT}/Target Support Files/Pods-weibo/Pods-weibo-frameworks.sh\"\n";
			showEnvVarsInLog = 0;
		};
/* End PBXShellScriptBuildPhase section */

/* Begin PBXSourcesBuildPhase section */
		717225A826AF91A10084F236 /* Sources */ = {
			isa = PBXSourcesBuildPhase;
			buildActionMask = 2147483647;
			files = (
				71FA0D3626B4E45100A3CB82 /* Common.swift in Sources */,
				717225C826AF9A380084F236 /* MeController.swift in Sources */,
				71FA0D3826B5392F00A3CB82 /* UserAccount.swift in Sources */,
				717225D126AF9AC00084F236 /* MainController.swift in Sources */,
				71FA0BC026B0532600A3CB82 /* MZPresentationController.swift in Sources */,
				714DA4EA26B5A28D00465FB5 /* UserAccountViewModel.swift in Sources */,
				71FA0BB526B0009D00A3CB82 /* UIBarButtonItem+Extension.swift in Sources */,
				71FA0BC426B1073700A3CB82 /* OAuthViewController.swift in Sources */,
				71FA0BB126AFB61B00A3CB82 /* VistorView.swift in Sources */,
				71FA0BBB26B036E500A3CB82 /* PopoverViewController.swift in Sources */,
				71FA0BB726B0047100A3CB82 /* TitleButton.swift in Sources */,
				71FA0BC726B179DE00A3CB82 /* NetworkTools.swift in Sources */,
				717225CE26AF9A650084F236 /* HomeController.swift in Sources */,
				71FA0BBE26B03CF100A3CB82 /* PopoverAnimator.swift in Sources */,
				717225CC26AF9A5A0084F236 /* MessageController.swift in Sources */,
				717225CA26AF9A4B0084F236 /* DiscoverController.swift in Sources */,
				71FA0BAF26AFB4A500A3CB82 /* BaseViewController.swift in Sources */,
				717225B026AF91A10084F236 /* AppDelegate.swift in Sources */,
				71FA0BAC26AFADB200A3CB82 /* UIButton+Extension.swift in Sources */,
				71FA0D3C26B5539500A3CB82 /* WelcomeViewController.swift in Sources */,
			);
			runOnlyForDeploymentPostprocessing = 0;
		};
/* End PBXSourcesBuildPhase section */

/* Begin PBXVariantGroup section */
		717225B526AF91A10084F236 /* Main.storyboard */ = {
			isa = PBXVariantGroup;
			children = (
				717225B626AF91A10084F236 /* Base */,
			);
			name = Main.storyboard;
			sourceTree = "<group>";
		};
		717225BA26AF91A20084F236 /* LaunchScreen.storyboard */ = {
			isa = PBXVariantGroup;
			children = (
				717225BB26AF91A20084F236 /* Base */,
			);
			name = LaunchScreen.storyboard;
			sourceTree = "<group>";
		};
		717225D226AFA17E0084F236 /* Home.storyboard */ = {
			isa = PBXVariantGroup;
			children = (
				717225D326AFA17E0084F236 /* Base */,
			);
			name = Home.storyboard;
			sourceTree = "<group>";
		};
		717225D526AFA1CD0084F236 /* Message.storyboard */ = {
			isa = PBXVariantGroup;
			children = (
				717225D626AFA1CD0084F236 /* Base */,
			);
			name = Message.storyboard;
			sourceTree = "<group>";
		};
		717225D926AFA2810084F236 /* Empty.storyboard */ = {
			isa = PBXVariantGroup;
			children = (
				717225DA26AFA2810084F236 /* Base */,
			);
			name = Empty.storyboard;
			sourceTree = "<group>";
		};
		717225DC26AFA2E20084F236 /* Discover.storyboard */ = {
			isa = PBXVariantGroup;
			children = (
				717225DD26AFA2E20084F236 /* Base */,
			);
			name = Discover.storyboard;
			sourceTree = "<group>";
		};
		717225DF26AFA32B0084F236 /* Me.storyboard */ = {
			isa = PBXVariantGroup;
			children = (
				717225E026AFA32B0084F236 /* Base */,
			);
			name = Me.storyboard;
			sourceTree = "<group>";
		};
/* End PBXVariantGroup section */

/* Begin XCBuildConfiguration section */
		717225BE26AF91A20084F236 /* Debug */ = {
			isa = XCBuildConfiguration;
			buildSettings = {
				ALWAYS_SEARCH_USER_PATHS = NO;
				CLANG_ANALYZER_NONNULL = YES;
				CLANG_ANALYZER_NUMBER_OBJECT_CONVERSION = YES_AGGRESSIVE;
				CLANG_CXX_LANGUAGE_STANDARD = "gnu++14";
				CLANG_CXX_LIBRARY = "libc++";
				CLANG_ENABLE_MODULES = YES;
				CLANG_ENABLE_OBJC_ARC = YES;
				CLANG_ENABLE_OBJC_WEAK = YES;
				CLANG_WARN_BLOCK_CAPTURE_AUTORELEASING = YES;
				CLANG_WARN_BOOL_CONVERSION = YES;
				CLANG_WARN_COMMA = YES;
				CLANG_WARN_CONSTANT_CONVERSION = YES;
				CLANG_WARN_DEPRECATED_OBJC_IMPLEMENTATIONS = YES;
				CLANG_WARN_DIRECT_OBJC_ISA_USAGE = YES_ERROR;
				CLANG_WARN_DOCUMENTATION_COMMENTS = YES;
				CLANG_WARN_EMPTY_BODY = YES;
				CLANG_WARN_ENUM_CONVERSION = YES;
				CLANG_WARN_INFINITE_RECURSION = YES;
				CLANG_WARN_INT_CONVERSION = YES;
				CLANG_WARN_NON_LITERAL_NULL_CONVERSION = YES;
				CLANG_WARN_OBJC_IMPLICIT_RETAIN_SELF = YES;
				CLANG_WARN_OBJC_LITERAL_CONVERSION = YES;
				CLANG_WARN_OBJC_ROOT_CLASS = YES_ERROR;
				CLANG_WARN_QUOTED_INCLUDE_IN_FRAMEWORK_HEADER = YES;
				CLANG_WARN_RANGE_LOOP_ANALYSIS = YES;
				CLANG_WARN_STRICT_PROTOTYPES = YES;
				CLANG_WARN_SUSPICIOUS_MOVE = YES;
				CLANG_WARN_UNGUARDED_AVAILABILITY = YES_AGGRESSIVE;
				CLANG_WARN_UNREACHABLE_CODE = YES;
				CLANG_WARN__DUPLICATE_METHOD_MATCH = YES;
				COPY_PHASE_STRIP = NO;
				DEBUG_INFORMATION_FORMAT = dwarf;
				ENABLE_STRICT_OBJC_MSGSEND = YES;
				ENABLE_TESTABILITY = YES;
				GCC_C_LANGUAGE_STANDARD = gnu11;
				GCC_DYNAMIC_NO_PIC = NO;
				GCC_NO_COMMON_BLOCKS = YES;
				GCC_OPTIMIZATION_LEVEL = 0;
				GCC_PREPROCESSOR_DEFINITIONS = (
					"DEBUG=1",
					"$(inherited)",
				);
				GCC_WARN_64_TO_32_BIT_CONVERSION = YES;
				GCC_WARN_ABOUT_RETURN_TYPE = YES_ERROR;
				GCC_WARN_UNDECLARED_SELECTOR = YES;
				GCC_WARN_UNINITIALIZED_AUTOS = YES_AGGRESSIVE;
				GCC_WARN_UNUSED_FUNCTION = YES;
				GCC_WARN_UNUSED_VARIABLE = YES;
				IPHONEOS_DEPLOYMENT_TARGET = 14.5;
				MTL_ENABLE_DEBUG_INFO = INCLUDE_SOURCE;
				MTL_FAST_MATH = YES;
				ONLY_ACTIVE_ARCH = YES;
				SDKROOT = iphoneos;
				SWIFT_ACTIVE_COMPILATION_CONDITIONS = DEBUG;
				SWIFT_OPTIMIZATION_LEVEL = "-Onone";
			};
			name = Debug;
		};
		717225BF26AF91A20084F236 /* Release */ = {
			isa = XCBuildConfiguration;
			buildSettings = {
				ALWAYS_SEARCH_USER_PATHS = NO;
				CLANG_ANALYZER_NONNULL = YES;
				CLANG_ANALYZER_NUMBER_OBJECT_CONVERSION = YES_AGGRESSIVE;
				CLANG_CXX_LANGUAGE_STANDARD = "gnu++14";
				CLANG_CXX_LIBRARY = "libc++";
				CLANG_ENABLE_MODULES = YES;
				CLANG_ENABLE_OBJC_ARC = YES;
				CLANG_ENABLE_OBJC_WEAK = YES;
				CLANG_WARN_BLOCK_CAPTURE_AUTORELEASING = YES;
				CLANG_WARN_BOOL_CONVERSION = YES;
				CLANG_WARN_COMMA = YES;
				CLANG_WARN_CONSTANT_CONVERSION = YES;
				CLANG_WARN_DEPRECATED_OBJC_IMPLEMENTATIONS = YES;
				CLANG_WARN_DIRECT_OBJC_ISA_USAGE = YES_ERROR;
				CLANG_WARN_DOCUMENTATION_COMMENTS = YES;
				CLANG_WARN_EMPTY_BODY = YES;
				CLANG_WARN_ENUM_CONVERSION = YES;
				CLANG_WARN_INFINITE_RECURSION = YES;
				CLANG_WARN_INT_CONVERSION = YES;
				CLANG_WARN_NON_LITERAL_NULL_CONVERSION = YES;
				CLANG_WARN_OBJC_IMPLICIT_RETAIN_SELF = YES;
				CLANG_WARN_OBJC_LITERAL_CONVERSION = YES;
				CLANG_WARN_OBJC_ROOT_CLASS = YES_ERROR;
				CLANG_WARN_QUOTED_INCLUDE_IN_FRAMEWORK_HEADER = YES;
				CLANG_WARN_RANGE_LOOP_ANALYSIS = YES;
				CLANG_WARN_STRICT_PROTOTYPES = YES;
				CLANG_WARN_SUSPICIOUS_MOVE = YES;
				CLANG_WARN_UNGUARDED_AVAILABILITY = YES_AGGRESSIVE;
				CLANG_WARN_UNREACHABLE_CODE = YES;
				CLANG_WARN__DUPLICATE_METHOD_MATCH = YES;
				COPY_PHASE_STRIP = NO;
				DEBUG_INFORMATION_FORMAT = "dwarf-with-dsym";
				ENABLE_NS_ASSERTIONS = NO;
				ENABLE_STRICT_OBJC_MSGSEND = YES;
				GCC_C_LANGUAGE_STANDARD = gnu11;
				GCC_NO_COMMON_BLOCKS = YES;
				GCC_WARN_64_TO_32_BIT_CONVERSION = YES;
				GCC_WARN_ABOUT_RETURN_TYPE = YES_ERROR;
				GCC_WARN_UNDECLARED_SELECTOR = YES;
				GCC_WARN_UNINITIALIZED_AUTOS = YES_AGGRESSIVE;
				GCC_WARN_UNUSED_FUNCTION = YES;
				GCC_WARN_UNUSED_VARIABLE = YES;
				IPHONEOS_DEPLOYMENT_TARGET = 14.5;
				MTL_ENABLE_DEBUG_INFO = NO;
				MTL_FAST_MATH = YES;
				SDKROOT = iphoneos;
				SWIFT_COMPILATION_MODE = wholemodule;
				SWIFT_OPTIMIZATION_LEVEL = "-O";
				VALIDATE_PRODUCT = YES;
			};
			name = Release;
		};
		717225C126AF91A20084F236 /* Debug */ = {
			isa = XCBuildConfiguration;
			baseConfigurationReference = AAA6A9520CA258E6C03C611D /* Pods-weibo.debug.xcconfig */;
			buildSettings = {
				ASSETCATALOG_COMPILER_APPICON_NAME = AppIcon;
				ASSETCATALOG_COMPILER_GLOBAL_ACCENT_COLOR_NAME = AccentColor;
				ASSETCATALOG_COMPILER_LAUNCHIMAGE_NAME = "";
				CODE_SIGN_STYLE = Automatic;
				DEVELOPMENT_TEAM = JPAA6VZJD3;
				INFOPLIST_FILE = weibo/Info.plist;
				IPHONEOS_DEPLOYMENT_TARGET = 9.0;
				LD_RUNPATH_SEARCH_PATHS = (
					"$(inherited)",
					"@executable_path/Frameworks",
				);
				PRODUCT_BUNDLE_IDENTIFIER = MeikiZero.weibo;
				PRODUCT_NAME = "$(TARGET_NAME)";
				SWIFT_VERSION = 5.0;
				TARGETED_DEVICE_FAMILY = 1;
			};
			name = Debug;
		};
		717225C226AF91A20084F236 /* Release */ = {
			isa = XCBuildConfiguration;
			baseConfigurationReference = 58F5FDB391F763EC1689EE2E /* Pods-weibo.release.xcconfig */;
			buildSettings = {
				ASSETCATALOG_COMPILER_APPICON_NAME = AppIcon;
				ASSETCATALOG_COMPILER_GLOBAL_ACCENT_COLOR_NAME = AccentColor;
				ASSETCATALOG_COMPILER_LAUNCHIMAGE_NAME = "";
				CODE_SIGN_STYLE = Automatic;
				DEVELOPMENT_TEAM = JPAA6VZJD3;
				INFOPLIST_FILE = weibo/Info.plist;
				IPHONEOS_DEPLOYMENT_TARGET = 9.0;
				LD_RUNPATH_SEARCH_PATHS = (
					"$(inherited)",
					"@executable_path/Frameworks",
				);
				PRODUCT_BUNDLE_IDENTIFIER = MeikiZero.weibo;
				PRODUCT_NAME = "$(TARGET_NAME)";
				SWIFT_VERSION = 5.0;
				TARGETED_DEVICE_FAMILY = 1;
			};
			name = Release;
		};
/* End XCBuildConfiguration section */

/* Begin XCConfigurationList section */
		717225A726AF91A10084F236 /* Build configuration list for PBXProject "weibo" */ = {
			isa = XCConfigurationList;
			buildConfigurations = (
				717225BE26AF91A20084F236 /* Debug */,
				717225BF26AF91A20084F236 /* Release */,
			);
			defaultConfigurationIsVisible = 0;
			defaultConfigurationName = Release;
		};
		717225C026AF91A20084F236 /* Build configuration list for PBXNativeTarget "weibo" */ = {
			isa = XCConfigurationList;
			buildConfigurations = (
				717225C126AF91A20084F236 /* Debug */,
				717225C226AF91A20084F236 /* Release */,
			);
			defaultConfigurationIsVisible = 0;
			defaultConfigurationName = Release;
		};
/* End XCConfigurationList section */
	};
	rootObject = 717225A426AF91A10084F236 /* Project object */;
}
